Microsoft Visual Studio Solution File, Format Version 12.00
# Visual Studio Version 17
VisualStudioVersion = 17.5.2.0
MinimumVisualStudioVersion = 10.0.40219.1
Project("{FAE04EC0-301F-11D3-BF4B-00C04F79EFBC}") = "HelloWebApp", "HelloWebApp.csproj", "{E7E41F23-9CA3-3DC5-3BC8-622501F9B59D}"
EndProject
Global
	GlobalSection(SolutionConfigurationPlatforms) = preSolution
		Debug|Any CPU = Debug|Any CPU
		Release|Any CPU = Release|Any CPU
	EndGlobalSection
	GlobalSection(ProjectConfigurationPlatforms) = postSolution
		{E7E41F23-9CA3-3DC5-3BC8-622501F9B59D}.Debug|Any CPU.ActiveCfg = Debug|Any CPU
		{E7E41F23-9CA3-3DC5-3BC8-622501F9B59D}.Debug|Any CPU.Build.0 = Debug|Any CPU
		{E7E41F23-9CA3-3DC5-3BC8-622501F9B59D}.Release|Any CPU.ActiveCfg = Release|Any CPU
		{E7E41F23-9CA3-3DC5-3BC8-622501F9B59D}.Release|Any CPU.Build.0 = Release|Any CPU
	EndGlobalSection
	GlobalSection(SolutionProperties) = preSolution
		HideSolutionNode = FALSE
	EndGlobalSection
	GlobalSection(ExtensibilityGlobals) = postSolution
		SolutionGuid = {289F28F2-2F47-4B21-8151-314CD68A7936}
	EndGlobalSection
EndGlobal
